// !$*UTF8*$!
{
	archiveVersion = 1;
	classes = {
	};
	objectVersion = 77;
	objects = {

/* Begin PBXBuildFile section */
		02783BF3E33C4CFBBE974DC0 /* food.json in Resources */ = {isa = PBXBuildFile; fileRef = 85C7811EF9EFD2F14047A94A /* food.json */; };
		0B85C8105B10AB8074B2EC96 /* OnboardingView.swift in Sources */ = {isa = PBXBuildFile; fileRef = C8CD45AF718629C1648047AA /* OnboardingView.swift */; };
		0C2F27840489DB3AF49E5759 /* GameTimerView.swift in Sources */ = {isa = PBXBuildFile; fileRef = 54737C122B0879AC9573030F /* GameTimerView.swift */; };
		129EBA8D101052FABE14E1B2 /* ImposterGameApp.swift in Sources */ = {isa = PBXBuildFile; fileRef = EBA8D01546EC2FD5D4903EDE /* ImposterGameApp.swift */; };
		13EB0D366A79D3C02C020D07 /* VV11.png in Resources */ = {isa = PBXBuildFile; fileRef = 9AB9453FC9ABF742425B10C0 /* VV11.png */; };
		13F102317054A657AEBD9988 /* VV1.png in Resources */ = {isa = PBXBuildFile; fileRef = 48B8B77146D91418228A0DF7 /* VV1.png */; };
		1726A0556A03ABEB076EED82 /* category_map_fill.png in Resources */ = {isa = PBXBuildFile; fileRef = 3A00F28C07BE24603E2E8DD8 /* category_map_fill.png */; };
		1C736260CE1B62B93624F0C5 /* family.json in Resources */ = {isa = PBXBuildFile; fileRef = FBA5AE4EC12E5BCEE5BA6B34 /* family.json */; };
		1E686607DFEAE0DC0C1EF8AC /* GameEngine.swift in Sources */ = {isa = PBXBuildFile; fileRef = AA27ACED2644C163A72FD40E /* GameEngine.swift */; };
		2314992580E7386FA8C6203D /* category_flame_fill.png in Resources */ = {isa = PBXBuildFile; fileRef = 465400B09F1789F21938AB8C /* category_flame_fill.png */; };
		23B5B5E6AECC686FCF506E42 /* CategoryLoader.swift in Sources */ = {isa = PBXBuildFile; fileRef = 52B4C73F586F99F9FD593FA9 /* CategoryLoader.swift */; };
		240DAE1A3A70BDC99736862E /* player_1.png in Resources */ = {isa = PBXBuildFile; fileRef = 7F57D7649FC2034A996AD10D /* player_1.png */; };
		24AB6D1CF11A6B2DA84440AB /* PlayerSetupView.swift in Sources */ = {isa = PBXBuildFile; fileRef = 48266F11CC4F53FB03C3EBC0 /* PlayerSetupView.swift */; };
		24B5595CDB8F71D7177CA84C /* music.json in Resources */ = {isa = PBXBuildFile; fileRef = 8E7956E43973E4945E852F34 /* music.json */; };
		2626AD2F0432D2C93E2977B7 /* category_music_note.png in Resources */ = {isa = PBXBuildFile; fileRef = 3BFD2329ECB01023B95A324A /* category_music_note.png */; };
		26C7CFC6FE233006E2F173F5 /* sports.json in Resources */ = {isa = PBXBuildFile; fileRef = C0B8E52B2767DF58833BD2E2 /* sports.json */; };
		2C9A235BC5CC42FCA8DB91D7 /* VV5.png in Resources */ = {isa = PBXBuildFile; fileRef = F60A3E748553F232E74F2174 /* VV5.png */; };
		351FBBBC08B6A20228879799 /* category_fork_knife.png in Resources */ = {isa = PBXBuildFile; fileRef = 13B5C558F99CCFDBA2EFE8E4 /* category_fork_knife.png */; };
		38471FC49617009646E32980 /* category_bolt_fill.png in Resources */ = {isa = PBXBuildFile; fileRef = 59D6E6DDD49C2175CD72FDF4 /* category_bolt_fill.png */; };
		4573522B25C8D5F6604E9867 /* VV6.png in Resources */ = {isa = PBXBuildFile; fileRef = F2818EEA8F5CAF5BE8E9C19B /* VV6.png */; };
		45A43D1562DEECCB83D7F219 /* category_star_fill.png in Resources */ = {isa = PBXBuildFile; fileRef = 12BF0BF73F70CB46376EA1B7 /* category_star_fill.png */; };
		46E0108931F0555A7A17C613 /* LoaderView.swift in Sources */ = {isa = PBXBuildFile; fileRef = E6F40320211814B166363656 /* LoaderView.swift */; };
		49BBC3FB9C2FE74F3CE77DEA /* DesignSystem.swift in Sources */ = {isa = PBXBuildFile; fileRef = 04D6987D9F8031C588CE8E0A /* DesignSystem.swift */; };
		4A64072DEEC5A71550C496AD /* player_4.png in Resources */ = {isa = PBXBuildFile; fileRef = E89055437F98F40B82E569C7 /* player_4.png */; };
		4AB082A29A0AA54C222BB64C /* VV4.png in Resources */ = {isa = PBXBuildFile; fileRef = 7328867D918502135E4EFDA7 /* VV4.png */; };
		4B45873C322DAC732859D437 /* GoogleService-Info.plist in Resources */ = {isa = PBXBuildFile; fileRef = 8BE02C67520C3F41F354FFC4 /* GoogleService-Info.plist */; };
		4E2A4D29676E08D801E8C5D7 /* category_film_fill.png in Resources */ = {isa = PBXBuildFile; fileRef = CF8DDF4ED263B824675B7838 /* category_film_fill.png */; };
		55BE5F5AC83E295982878890 /* Player.swift in Sources */ = {isa = PBXBuildFile; fileRef = F312ACA34110442A21E2C739 /* Player.swift */; };
		56D2AA90912B97D89F371971 /* AppRouter.swift in Sources */ = {isa = PBXBuildFile; fileRef = A5E6668A898BCA70D1F2E53A /* AppRouter.swift */; };
		5745E85CEBE0452016F88D1A /* player_8.png in Resources */ = {isa = PBXBuildFile; fileRef = 9073AD54BA35B5586634CF4B /* player_8.png */; };
		5BF897FD703C7DDC14F783D2 /* RoleRevealView.swift in Sources */ = {isa = PBXBuildFile; fileRef = 0014E12B1193C34A72CFC8DA /* RoleRevealView.swift */; };
		5C71D30F90562BC0B2B40D80 /* spicy.json in Resources */ = {isa = PBXBuildFile; fileRef = 5FC8A6DC10ADD0B1DCAA5B16 /* spicy.json */; };
		5E88B14A899F80D78DE1558B /* school.json in Resources */ = {isa = PBXBuildFile; fileRef = 32B68064C5075CB4909F3E8C /* school.json */; };
		604248ED03BAFF39FD3C95FC /* player_10.png in Resources */ = {isa = PBXBuildFile; fileRef = C9A744A8483ED6E92E70BB16 /* player_10.png */; };
		665AD4645A57733FA7B2FEFF /* category_book_fill.png in Resources */ = {isa = PBXBuildFile; fileRef = 7A4F33A7BF549965058F632E /* category_book_fill.png */; };
		6688279E07BB7B937B5AB2AD /* travel.json in Resources */ = {isa = PBXBuildFile; fileRef = A6D9874BB67E73D89AC0EDD2 /* travel.json */; };
		6901BAE5B9FB092E0E5DA36A /* player_7.png in Resources */ = {isa = PBXBuildFile; fileRef = D9B5272A64719CDF0D1B8E27 /* player_7.png */; };
		693B1808D4340581CEBF3774 /* VV7.png in Resources */ = {isa = PBXBuildFile; fileRef = 66A43168F6DB418FB057569D /* VV7.png */; };
		6AB968DB2BE0667EE7D49DEE /* category_party_popper.png in Resources */ = {isa = PBXBuildFile; fileRef = 10513D64393ED72C491A7A16 /* category_party_popper.png */; };
		6D64142C3DE79B9C337D6A7A /* work_life.json in Resources */ = {isa = PBXBuildFile; fileRef = F0B134E6E41FA1B6CF210BD9 /* work_life.json */; };
		6E3F31D3B4CF2C27307F4FC0 /* category_house_fill.png in Resources */ = {isa = PBXBuildFile; fileRef = BE439385A528B4689F8144C1 /* category_house_fill.png */; };
		7ACAD56E8F7E517F63BB8DFD /* player_5.png in Resources */ = {isa = PBXBuildFile; fileRef = ED50C2264F56CA10F8D6ED5F /* player_5.png */; };
		7B0C50426FBA67D4653DAB72 /* party_time.json in Resources */ = {isa = PBXBuildFile; fileRef = 5625DFA74B6BD1E707F2FB62 /* party_time.json */; };
		7E04E4CEC530651C9DA56C6D /* category_paintpalette_fill.png in Resources */ = {isa = PBXBuildFile; fileRef = F92676F4326A652D8BB04B42 /* category_paintpalette_fill.png */; };
		86C38EF17DF8A5EC795352CD /* category_briefcase_fill.png in Resources */ = {isa = PBXBuildFile; fileRef = E87A881DF097B261F1747FA7 /* category_briefcase_fill.png */; };
		93D558B5712E107B8A798489 /* AnalyticsService.swift in Sources */ = {isa = PBXBuildFile; fileRef = FB41651CAAFA80CFD091161B /* AnalyticsService.swift */; };
		9404F92E7776D1663BD6F608 /* CategoryPaywallView.swift in Sources */ = {isa = PBXBuildFile; fileRef = 16290548E5CB15614AEC125E /* CategoryPaywallView.swift */; };
		97971494481F8B745B8EF99F /* GameSettings.swift in Sources */ = {isa = PBXBuildFile; fileRef = D2FEAFC938D219B05704FA71 /* GameSettings.swift */; };
		9B0D6747F1029BF4D8B6A438 /* player_2.png in Resources */ = {isa = PBXBuildFile; fileRef = BED795672AEE4610BC3321F0 /* player_2.png */; };
		9CBB7F75EDD513A07A07F03A /* category_bag_fill.png in Resources */ = {isa = PBXBuildFile; fileRef = 4BD66F514EFCB5A50DAC0413 /* category_bag_fill.png */; };
		9E6C49E880BEF67AEF6D2A06 /* PaywallView.swift in Sources */ = {isa = PBXBuildFile; fileRef = B9E4FD5E37DE7F6EC24F1019 /* PaywallView.swift */; };
		A297337640CA32E5BA892964 /* VV12.png in Resources */ = {isa = PBXBuildFile; fileRef = ED03355F72D77B2F3E49D1A1 /* VV12.png */; };
		A5BAA2BA8431C97984DF78DA /* player_6.png in Resources */ = {isa = PBXBuildFile; fileRef = 2BCF7E76BA12D6882B6FDE2B /* player_6.png */; };
		A69F1363EAB18DD5184A9F7E /* VV3.png in Resources */ = {isa = PBXBuildFile; fileRef = FF33D7458EA3632CACA6A6C6 /* VV3.png */; };
		A7E1E27765119707E2033D19 /* tech.json in Resources */ = {isa = PBXBuildFile; fileRef = 51BEE2357CA596C887FCC5C6 /* tech.json */; };
		AA15A141C41971E4D6E7EF70 /* Category.swift in Sources */ = {isa = PBXBuildFile; fileRef = 57BC9CB184283EAE65342ACE /* Category.swift */; };
		AAA12E4505E3EC290E5770DF /* shopping.json in Resources */ = {isa = PBXBuildFile; fileRef = 2DBAEFB45EEAE7CD5D244F9E /* shopping.json */; };
		ACC4866899B846DF8C050C45 /* FirebaseInstallations in Frameworks */ = {isa = PBXBuildFile; productRef = A2462B968BD5F03BCFEAF2FD /* FirebaseInstallations */; };
		AEFE7D4DC77D97FBD55B9E56 /* VV8.png in Resources */ = {isa = PBXBuildFile; fileRef = EF6AF93F24F15EFFA65464F1 /* VV8.png */; };
		B43D2D20049CC899C61A61D9 /* places.json in Resources */ = {isa = PBXBuildFile; fileRef = 038CD78E19C18AC9B1222AF7 /* places.json */; };
		B43D35B8A7D27EB487E3CF30 /* player_0.png in Resources */ = {isa = PBXBuildFile; fileRef = CE35B1F0ECA6613820158A4F /* player_0.png */; };
		B6B8B90417B7852993ED99F1 /* GameSettingsView.swift in Sources */ = {isa = PBXBuildFile; fileRef = AB66DCED769F6CE62338D5CF /* GameSettingsView.swift */; };
		B8DA7F4590E6E7E31C75EDFC /* CategoriesView.swift in Sources */ = {isa = PBXBuildFile; fileRef = 7024D9671D1CF3A8C2BB08B9 /* CategoriesView.swift */; };
		BA4670740269F51880F3C0F4 /* player_3.png in Resources */ = {isa = PBXBuildFile; fileRef = 26312B459FF32914F67008C3 /* player_3.png */; };
		BBAD266EFEE39D9046030056 /* celebrities.json in Resources */ = {isa = PBXBuildFile; fileRef = 7C15543B77170C57A22A9D39 /* celebrities.json */; };
		BBB9D5FCDADC50F5DF743A8A /* category_airplane.png in Resources */ = {isa = PBXBuildFile; fileRef = 552657DA397ED635CC90E560 /* category_airplane.png */; };
		C29E200FE2E3452CB3D81667 /* VotingView.swift in Sources */ = {isa = PBXBuildFile; fileRef = 3A0840B6E8D6C2FAC494C35B /* VotingView.swift */; };
		CAF979ABFEDEDEE4BD79799C /* player_9.png in Resources */ = {isa = PBXBuildFile; fileRef = B3994337DD61345DBD6B6D7C /* player_9.png */; };
		CBDDD1A5D6252BD8501EFF63 /* FirebaseCrashlytics in Frameworks */ = {isa = PBXBuildFile; productRef = A07314160D6C5EA1AAB20FD6 /* FirebaseCrashlytics */; };
		CCE0AC97429EC563552E771A /* category_desktopcomputer.png in Resources */ = {isa = PBXBuildFile; fileRef = 0494CB01BA87AC9B95AB538B /* category_desktopcomputer.png */; };
		CE5A07D3A2B72274EAB8A922 /* category_sportscourt_fill.png in Resources */ = {isa = PBXBuildFile; fileRef = F1CBC0EF96B0B7AECBE21200 /* category_sportscourt_fill.png */; };
		CF9E7A8BDF5FE91D7734042C /* ResultView.swift in Sources */ = {isa = PBXBuildFile; fileRef = D8A85D01792F87215E545F74 /* ResultView.swift */; };
		D1157ABEE5FCE361F51921F6 /* movies.json in Resources */ = {isa = PBXBuildFile; fileRef = 5A45FF697C805ABE39A790E9 /* movies.json */; };
		D9DA2CA656AFC030640DAE41 /* VV9.png in Resources */ = {isa = PBXBuildFile; fileRef = 86F4C6BF8A1BAAF480FCF54E /* VV9.png */; };
		DCAFDB045B541CAF858DEF50 /* hobbies.json in Resources */ = {isa = PBXBuildFile; fileRef = FE0D3784B68E83A8796B604D /* hobbies.json */; };
		DFAAC150758445115D6B98BA /* VV10.png in Resources */ = {isa = PBXBuildFile; fileRef = C3D475C25AF462FFC7462199 /* VV10.png */; };
		E0688C618CD5CAF6DAAF5306 /* OnboardingHero.png in Resources */ = {isa = PBXBuildFile; fileRef = C467A4341FF8018A561D46C1 /* OnboardingHero.png */; };
		E78372EEC1931B91E618EDC7 /* GameSession.swift in Sources */ = {isa = PBXBuildFile; fileRef = ED521C6104609D6FD37E3EC4 /* GameSession.swift */; };
		E89B457C4BBDD0C8F45C9F5C /* player_11.png in Resources */ = {isa = PBXBuildFile; fileRef = 6FA8E1A829A6103A65B14DC5 /* player_11.png */; };
		F04E1A30174677770894670B /* HapticsManager.swift in Sources */ = {isa = PBXBuildFile; fileRef = 1FD3B1E2BC3F96DBDE54AA2D /* HapticsManager.swift */; };
		F26A606DF8C36CECC252ACC5 /* VV2.png in Resources */ = {isa = PBXBuildFile; fileRef = F5C8C0EEE70E88C0BF375C93 /* VV2.png */; };
		F6C9306608A448B5BF1E69C8 /* SubscriptionManager.swift in Sources */ = {isa = PBXBuildFile; fileRef = 57B1A59DC496A37029B24E08 /* SubscriptionManager.swift */; };
		FEDD643230CD1B9D84C79192 /* FirebaseAnalytics in Frameworks */ = {isa = PBXBuildFile; productRef = AA18741BEA45BBF37BAB5DD9 /* FirebaseAnalytics */; };
		FF3FAE15D939F6C7197EF798 /* superpowers.json in Resources */ = {isa = PBXBuildFile; fileRef = 1663BC03E6D507D86CFF5227 /* superpowers.json */; };
/* End PBXBuildFile section */

/* Begin PBXFileReference section */
		0014E12B1193C34A72CFC8DA /* RoleRevealView.swift */ = {isa = PBXFileReference; lastKnownFileType = sourcecode.swift; path = RoleRevealView.swift; sourceTree = "<group>"; };
		038CD78E19C18AC9B1222AF7 /* places.json */ = {isa = PBXFileReference; lastKnownFileType = text.json; path = places.json; sourceTree = "<group>"; };
		0494CB01BA87AC9B95AB538B /* category_desktopcomputer.png */ = {isa = PBXFileReference; lastKnownFileType = image.png; path = category_desktopcomputer.png; sourceTree = "<group>"; };
		04D6987D9F8031C588CE8E0A /* DesignSystem.swift */ = {isa = PBXFileReference; lastKnownFileType = sourcecode.swift; path = DesignSystem.swift; sourceTree = "<group>"; };
		10513D64393ED72C491A7A16 /* category_party_popper.png */ = {isa = PBXFileReference; lastKnownFileType = image.png; path = category_party_popper.png; sourceTree = "<group>"; };
		12BF0BF73F70CB46376EA1B7 /* category_star_fill.png */ = {isa = PBXFileReference; lastKnownFileType = image.png; path = category_star_fill.png; sourceTree = "<group>"; };
		13B5C558F99CCFDBA2EFE8E4 /* category_fork_knife.png */ = {isa = PBXFileReference; lastKnownFileType = image.png; path = category_fork_knife.png; sourceTree = "<group>"; };
		16290548E5CB15614AEC125E /* CategoryPaywallView.swift */ = {isa = PBXFileReference; lastKnownFileType = sourcecode.swift; path = CategoryPaywallView.swift; sourceTree = "<group>"; };
		1663BC03E6D507D86CFF5227 /* superpowers.json */ = {isa = PBXFileReference; lastKnownFileType = text.json; path = superpowers.json; sourceTree = "<group>"; };
		1FD3B1E2BC3F96DBDE54AA2D /* HapticsManager.swift */ = {isa = PBXFileReference; lastKnownFileType = sourcecode.swift; path = HapticsManager.swift; sourceTree = "<group>"; };
		26312B459FF32914F67008C3 /* player_3.png */ = {isa = PBXFileReference; lastKnownFileType = image.jpeg; path = player_3.jpg; sourceTree = "<group>"; };
		2BCF7E76BA12D6882B6FDE2B /* player_6.png */ = {isa = PBXFileReference; lastKnownFileType = image.jpeg; path = player_6.jpg; sourceTree = "<group>"; };
		2DBAEFB45EEAE7CD5D244F9E /* shopping.json */ = {isa = PBXFileReference; lastKnownFileType = text.json; path = shopping.json; sourceTree = "<group>"; };
		32B68064C5075CB4909F3E8C /* school.json */ = {isa = PBXFileReference; lastKnownFileType = text.json; path = school.json; sourceTree = "<group>"; };
		3A00F28C07BE24603E2E8DD8 /* category_map_fill.png */ = {isa = PBXFileReference; lastKnownFileType = image.png; path = category_map_fill.png; sourceTree = "<group>"; };
		3A0840B6E8D6C2FAC494C35B /* VotingView.swift */ = {isa = PBXFileReference; lastKnownFileType = sourcecode.swift; path = VotingView.swift; sourceTree = "<group>"; };
		3BFD2329ECB01023B95A324A /* category_music_note.png */ = {isa = PBXFileReference; lastKnownFileType = image.png; path = category_music_note.png; sourceTree = "<group>"; };
		465400B09F1789F21938AB8C /* category_flame_fill.png */ = {isa = PBXFileReference; lastKnownFileType = image.png; path = category_flame_fill.png; sourceTree = "<group>"; };
		48266F11CC4F53FB03C3EBC0 /* PlayerSetupView.swift */ = {isa = PBXFileReference; lastKnownFileType = sourcecode.swift; path = PlayerSetupView.swift; sourceTree = "<group>"; };
		48B8B77146D91418228A0DF7 /* VV1.png */ = {isa = PBXFileReference; lastKnownFileType = image.jpeg; path = VV1.jpg; sourceTree = "<group>"; };
		4BD66F514EFCB5A50DAC0413 /* category_bag_fill.png */ = {isa = PBXFileReference; lastKnownFileType = image.png; path = category_bag_fill.png; sourceTree = "<group>"; };
		51BEE2357CA596C887FCC5C6 /* tech.json */ = {isa = PBXFileReference; lastKnownFileType = text.json; path = tech.json; sourceTree = "<group>"; };
		52B4C73F586F99F9FD593FA9 /* CategoryLoader.swift */ = {isa = PBXFileReference; lastKnownFileType = sourcecode.swift; path = CategoryLoader.swift; sourceTree = "<group>"; };
		54737C122B0879AC9573030F /* GameTimerView.swift */ = {isa = PBXFileReference; lastKnownFileType = sourcecode.swift; path = GameTimerView.swift; sourceTree = "<group>"; };
		552657DA397ED635CC90E560 /* category_airplane.png */ = {isa = PBXFileReference; lastKnownFileType = image.png; path = category_airplane.png; sourceTree = "<group>"; };
		5625DFA74B6BD1E707F2FB62 /* party_time.json */ = {isa = PBXFileReference; lastKnownFileType = text.json; path = party_time.json; sourceTree = "<group>"; };
		57B1A59DC496A37029B24E08 /* SubscriptionManager.swift */ = {isa = PBXFileReference; lastKnownFileType = sourcecode.swift; path = SubscriptionManager.swift; sourceTree = "<group>"; };
		57BC9CB184283EAE65342ACE /* Category.swift */ = {isa = PBXFileReference; lastKnownFileType = sourcecode.swift; path = Category.swift; sourceTree = "<group>"; };
		59D6E6DDD49C2175CD72FDF4 /* category_bolt_fill.png */ = {isa = PBXFileReference; lastKnownFileType = image.png; path = category_bolt_fill.png; sourceTree = "<group>"; };
		5A3D39D79EBFEE259F695500 /* ImposterGame.app */ = {isa = PBXFileReference; includeInIndex = 0; lastKnownFileType = wrapper.application; path = ImposterGame.app; sourceTree = BUILT_PRODUCTS_DIR; };
		5A45FF697C805ABE39A790E9 /* movies.json */ = {isa = PBXFileReference; lastKnownFileType = text.json; path = movies.json; sourceTree = "<group>"; };
		5FC8A6DC10ADD0B1DCAA5B16 /* spicy.json */ = {isa = PBXFileReference; lastKnownFileType = text.json; path = spicy.json; sourceTree = "<group>"; };
		66A43168F6DB418FB057569D /* VV7.png */ = {isa = PBXFileReference; lastKnownFileType = image.jpeg; path = VV7.jpg; sourceTree = "<group>"; };
		6FA8E1A829A6103A65B14DC5 /* player_11.png */ = {isa = PBXFileReference; lastKnownFileType = image.jpeg; path = player_11.jpg; sourceTree = "<group>"; };
		7024D9671D1CF3A8C2BB08B9 /* CategoriesView.swift */ = {isa = PBXFileReference; lastKnownFileType = sourcecode.swift; path = CategoriesView.swift; sourceTree = "<group>"; };
		7328867D918502135E4EFDA7 /* VV4.png */ = {isa = PBXFileReference; lastKnownFileType = image.jpeg; path = VV4.jpg; sourceTree = "<group>"; };
		7A4F33A7BF549965058F632E /* category_book_fill.png */ = {isa = PBXFileReference; lastKnownFileType = image.png; path = category_book_fill.png; sourceTree = "<group>"; };
		7C15543B77170C57A22A9D39 /* celebrities.json */ = {isa = PBXFileReference; lastKnownFileType = text.json; path = celebrities.json; sourceTree = "<group>"; };
		7F57D7649FC2034A996AD10D /* player_1.png */ = {isa = PBXFileReference; lastKnownFileType = image.jpeg; path = player_1.jpg; sourceTree = "<group>"; };
		85C7811EF9EFD2F14047A94A /* food.json */ = {isa = PBXFileReference; lastKnownFileType = text.json; path = food.json; sourceTree = "<group>"; };
		86F4C6BF8A1BAAF480FCF54E /* VV9.png */ = {isa = PBXFileReference; lastKnownFileType = image.jpeg; path = VV9.jpg; sourceTree = "<group>"; };
		8BE02C67520C3F41F354FFC4 /* GoogleService-Info.plist */ = {isa = PBXFileReference; lastKnownFileType = text.plist; path = "GoogleService-Info.plist"; sourceTree = "<group>"; };
		8E7956E43973E4945E852F34 /* music.json */ = {isa = PBXFileReference; lastKnownFileType = text.json; path = music.json; sourceTree = "<group>"; };
		9073AD54BA35B5586634CF4B /* player_8.png */ = {isa = PBXFileReference; lastKnownFileType = image.jpeg; path = player_8.jpg; sourceTree = "<group>"; };
		9AB9453FC9ABF742425B10C0 /* VV11.png */ = {isa = PBXFileReference; lastKnownFileType = image.jpeg; path = VV11.jpg; sourceTree = "<group>"; };
		A5E6668A898BCA70D1F2E53A /* AppRouter.swift */ = {isa = PBXFileReference; lastKnownFileType = sourcecode.swift; path = AppRouter.swift; sourceTree = "<group>"; };
		A6D9874BB67E73D89AC0EDD2 /* travel.json */ = {isa = PBXFileReference; lastKnownFileType = text.json; path = travel.json; sourceTree = "<group>"; };
		AA27ACED2644C163A72FD40E /* GameEngine.swift */ = {isa = PBXFileReference; lastKnownFileType = sourcecode.swift; path = GameEngine.swift; sourceTree = "<group>"; };
		AB66DCED769F6CE62338D5CF /* GameSettingsView.swift */ = {isa = PBXFileReference; lastKnownFileType = sourcecode.swift; path = GameSettingsView.swift; sourceTree = "<group>"; };
		B3994337DD61345DBD6B6D7C /* player_9.png */ = {isa = PBXFileReference; lastKnownFileType = image.jpeg; path = player_9.jpg; sourceTree = "<group>"; };
		B9E4FD5E37DE7F6EC24F1019 /* PaywallView.swift */ = {isa = PBXFileReference; lastKnownFileType = sourcecode.swift; path = PaywallView.swift; sourceTree = "<group>"; };
		BE439385A528B4689F8144C1 /* category_house_fill.png */ = {isa = PBXFileReference; lastKnownFileType = image.png; path = category_house_fill.png; sourceTree = "<group>"; };
		BED795672AEE4610BC3321F0 /* player_2.png */ = {isa = PBXFileReference; lastKnownFileType = image.jpeg; path = player_2.jpg; sourceTree = "<group>"; };
		C0B8E52B2767DF58833BD2E2 /* sports.json */ = {isa = PBXFileReference; lastKnownFileType = text.json; path = sports.json; sourceTree = "<group>"; };
		C3D475C25AF462FFC7462199 /* VV10.png */ = {isa = PBXFileReference; lastKnownFileType = image.jpeg; path = VV10.jpg; sourceTree = "<group>"; };
		C467A4341FF8018A561D46C1 /* OnboardingHero.png */ = {isa = PBXFileReference; lastKnownFileType = image.jpeg; path = OnboardingHero.jpg; sourceTree = "<group>"; };
		C8CD45AF718629C1648047AA /* OnboardingView.swift */ = {isa = PBXFileReference; lastKnownFileType = sourcecode.swift; path = OnboardingView.swift; sourceTree = "<group>"; };
		C9A744A8483ED6E92E70BB16 /* player_10.png */ = {isa = PBXFileReference; lastKnownFileType = image.jpeg; path = player_10.jpg; sourceTree = "<group>"; };
		CE35B1F0ECA6613820158A4F /* player_0.png */ = {isa = PBXFileReference; lastKnownFileType = image.jpeg; path = player_0.jpg; sourceTree = "<group>"; };
		CF8DDF4ED263B824675B7838 /* category_film_fill.png */ = {isa = PBXFileReference; lastKnownFileType = image.png; path = category_film_fill.png; sourceTree = "<group>"; };
		D2FEAFC938D219B05704FA71 /* GameSettings.swift */ = {isa = PBXFileReference; lastKnownFileType = sourcecode.swift; path = GameSettings.swift; sourceTree = "<group>"; };
		D8A85D01792F87215E545F74 /* ResultView.swift */ = {isa = PBXFileReference; lastKnownFileType = sourcecode.swift; path = ResultView.swift; sourceTree = "<group>"; };
		D9B5272A64719CDF0D1B8E27 /* player_7.png */ = {isa = PBXFileReference; lastKnownFileType = image.jpeg; path = player_7.jpg; sourceTree = "<group>"; };
		E6F40320211814B166363656 /* LoaderView.swift */ = {isa = PBXFileReference; lastKnownFileType = sourcecode.swift; path = LoaderView.swift; sourceTree = "<group>"; };
		E87A881DF097B261F1747FA7 /* category_briefcase_fill.png */ = {isa = PBXFileReference; lastKnownFileType = image.png; path = category_briefcase_fill.png; sourceTree = "<group>"; };
		E89055437F98F40B82E569C7 /* player_4.png */ = {isa = PBXFileReference; lastKnownFileType = image.jpeg; path = player_4.jpg; sourceTree = "<group>"; };
		EBA8D01546EC2FD5D4903EDE /* ImposterGameApp.swift */ = {isa = PBXFileReference; lastKnownFileType = sourcecode.swift; path = ImposterGameApp.swift; sourceTree = "<group>"; };
		ED03355F72D77B2F3E49D1A1 /* VV12.png */ = {isa = PBXFileReference; lastKnownFileType = image.jpeg; path = VV12.jpg; sourceTree = "<group>"; };
		ED50C2264F56CA10F8D6ED5F /* player_5.png */ = {isa = PBXFileReference; lastKnownFileType = image.jpeg; path = player_5.jpg; sourceTree = "<group>"; };
		ED521C6104609D6FD37E3EC4 /* GameSession.swift */ = {isa = PBXFileReference; lastKnownFileType = sourcecode.swift; path = GameSession.swift; sourceTree = "<group>"; };
		EF6AF93F24F15EFFA65464F1 /* VV8.png */ = {isa = PBXFileReference; lastKnownFileType = image.jpeg; path = VV8.jpg; sourceTree = "<group>"; };
		F0B134E6E41FA1B6CF210BD9 /* work_life.json */ = {isa = PBXFileReference; lastKnownFileType = text.json; path = work_life.json; sourceTree = "<group>"; };
		F1CBC0EF96B0B7AECBE21200 /* category_sportscourt_fill.png */ = {isa = PBXFileReference; lastKnownFileType = image.png; path = category_sportscourt_fill.png; sourceTree = "<group>"; };
		F2818EEA8F5CAF5BE8E9C19B /* VV6.png */ = {isa = PBXFileReference; lastKnownFileType = image.jpeg; path = VV6.jpg; sourceTree = "<group>"; };
		F312ACA34110442A21E2C739 /* Player.swift */ = {isa = PBXFileReference; lastKnownFileType = sourcecode.swift; path = Player.swift; sourceTree = "<group>"; };
		F5C8C0EEE70E88C0BF375C93 /* VV2.png */ = {isa = PBXFileReference; lastKnownFileType = image.jpeg; path = VV2.jpg; sourceTree = "<group>"; };
		F60A3E748553F232E74F2174 /* VV5.png */ = {isa = PBXFileReference; lastKnownFileType = image.jpeg; path = VV5.jpg; sourceTree = "<group>"; };
		F92676F4326A652D8BB04B42 /* category_paintpalette_fill.png */ = {isa = PBXFileReference; lastKnownFileType = image.png; path = category_paintpalette_fill.png; sourceTree = "<group>"; };
		FB41651CAAFA80CFD091161B /* AnalyticsService.swift */ = {isa = PBXFileReference; lastKnownFileType = sourcecode.swift; path = AnalyticsService.swift; sourceTree = "<group>"; };
		FBA5AE4EC12E5BCEE5BA6B34 /* family.json */ = {isa = PBXFileReference; lastKnownFileType = text.json; path = family.json; sourceTree = "<group>"; };
		FE0D3784B68E83A8796B604D /* hobbies.json */ = {isa = PBXFileReference; lastKnownFileType = text.json; path = hobbies.json; sourceTree = "<group>"; };
		FF33D7458EA3632CACA6A6C6 /* VV3.png */ = {isa = PBXFileReference; lastKnownFileType = image.jpeg; path = VV3.jpg; sourceTree = "<group>"; };
/* End PBXFileReference section */

/* Begin PBXFrameworksBuildPhase section */
		A3ADC9DD969E41C415A76E19 /* Frameworks */ = {
			isa = PBXFrameworksBuildPhase;
			buildActionMask = 2147483647;
			files = (
				FEDD643230CD1B9D84C79192 /* FirebaseAnalytics in Frameworks */,
				CBDDD1A5D6252BD8501EFF63 /* FirebaseCrashlytics in Frameworks */,
				ACC4866899B846DF8C050C45 /* FirebaseInstallations in Frameworks */,
			);
			runOnlyForDeploymentPostprocessing = 0;
		};
/* End PBXFrameworksBuildPhase section */

/* Begin PBXGroup section */
		10B6CF3701787BD0C1DC1469 /* Navigation */ = {
			isa = PBXGroup;
			children = (
				A5E6668A898BCA70D1F2E53A /* AppRouter.swift */,
			);
			path = Navigation;
			sourceTree = "<group>";
		};
		111210B4E68091EC6C0E63CE /* Models */ = {
			isa = PBXGroup;
			children = (
				57BC9CB184283EAE65342ACE /* Category.swift */,
				ED521C6104609D6FD37E3EC4 /* GameSession.swift */,
				D2FEAFC938D219B05704FA71 /* GameSettings.swift */,
				F312ACA34110442A21E2C739 /* Player.swift */,
			);
			path = Models;
			sourceTree = "<group>";
		};
		1C713422ED53F1EAFCABCC00 /* Products */ = {
			isa = PBXGroup;
			children = (
				5A3D39D79EBFEE259F695500 /* ImposterGame.app */,
			);
			name = Products;
			sourceTree = "<group>";
		};
		2859DB60DE187487DF8A97D1 /* App */ = {
			isa = PBXGroup;
			children = (
				EBA8D01546EC2FD5D4903EDE /* ImposterGameApp.swift */,
			);
			path = App;
			sourceTree = "<group>";
		};
		3E2D977C644A068266F3364A /* Services */ = {
			isa = PBXGroup;
			children = (
				FB41651CAAFA80CFD091161B /* AnalyticsService.swift */,
				52B4C73F586F99F9FD593FA9 /* CategoryLoader.swift */,
				AA27ACED2644C163A72FD40E /* GameEngine.swift */,
				1FD3B1E2BC3F96DBDE54AA2D /* HapticsManager.swift */,
				57B1A59DC496A37029B24E08 /* SubscriptionManager.swift */,
			);
			path = Services;
			sourceTree = "<group>";
		};
		479D28AC4071D720484A452F /* Extensions */ = {
			isa = PBXGroup;
			children = (
				04D6987D9F8031C588CE8E0A /* DesignSystem.swift */,
			);
			path = Extensions;
			sourceTree = "<group>";
		};
		56F5B044C442DB5D15D19C40 /* Views */ = {
			isa = PBXGroup;
			children = (
				F0ACF25E1619CD2B28041FEA /* Categories */,
				C36FBBE3199E14EDA7C6A174 /* GameSettings */,
				BF95EA2120819F215A9808F4 /* GameTimer */,
				9B301E696611046096FA2952 /* Loader */,
				66BD934E49C5A19D59F11FAE /* Onboarding */,
				822705CF4CF51CBA67BC86C7 /* Paywall */,
				9A9EC6F42D8773F2207C37B9 /* PlayerSetup */,
				C6088D895BE842CBC9DA84E2 /* Result */,
				F6016207C8CB195B1E359967 /* RoleReveal */,
				731CAB5E36F09A1BAF486BD5 /* Voting */,
			);
			path = Views;
			sourceTree = "<group>";
		};
		622494B8AE6D874736411B20 /* Resources */ = {
			isa = PBXGroup;
			children = (
				DEB5B799C990B021BD840655 /* CategoryIcons */,
				8733D288A5D2DF79B0412536 /* Onboarding */,
				CF5569214FE6C20886950F29 /* PlayerAvatars */,
				DEAF5DF3E26A038DB1CE5C85 /* WordPacks */,
			);
			path = Resources;
			sourceTree = "<group>";
		};
		66BD934E49C5A19D59F11FAE /* Onboarding */ = {
			isa = PBXGroup;
			children = (
				C8CD45AF718629C1648047AA /* OnboardingView.swift */,
			);
			path = Onboarding;
			sourceTree = "<group>";
		};
		731CAB5E36F09A1BAF486BD5 /* Voting */ = {
			isa = PBXGroup;
			children = (
				3A0840B6E8D6C2FAC494C35B /* VotingView.swift */,
			);
			path = Voting;
			sourceTree = "<group>";
		};
		822705CF4CF51CBA67BC86C7 /* Paywall */ = {
			isa = PBXGroup;
			children = (
				16290548E5CB15614AEC125E /* CategoryPaywallView.swift */,
				B9E4FD5E37DE7F6EC24F1019 /* PaywallView.swift */,
			);
			path = Paywall;
			sourceTree = "<group>";
		};
		8733D288A5D2DF79B0412536 /* Onboarding */ = {
			isa = PBXGroup;
			children = (
				C467A4341FF8018A561D46C1 /* OnboardingHero.png */,
			);
			path = Onboarding;
			sourceTree = "<group>";
		};
		94B836DE68657910D7E25113 = {
			isa = PBXGroup;
			children = (
				D86FEAB09CBD68154E2C6FE4 /* ImposterGame */,
				1C713422ED53F1EAFCABCC00 /* Products */,
			);
			sourceTree = "<group>";
		};
		9A9EC6F42D8773F2207C37B9 /* PlayerSetup */ = {
			isa = PBXGroup;
			children = (
				48266F11CC4F53FB03C3EBC0 /* PlayerSetupView.swift */,
			);
			path = PlayerSetup;
			sourceTree = "<group>";
		};
		9B301E696611046096FA2952 /* Loader */ = {
			isa = PBXGroup;
			children = (
				E6F40320211814B166363656 /* LoaderView.swift */,
			);
			path = Loader;
			sourceTree = "<group>";
		};
		BF95EA2120819F215A9808F4 /* GameTimer */ = {
			isa = PBXGroup;
			children = (
				54737C122B0879AC9573030F /* GameTimerView.swift */,
			);
			path = GameTimer;
			sourceTree = "<group>";
		};
		C36FBBE3199E14EDA7C6A174 /* GameSettings */ = {
			isa = PBXGroup;
			children = (
				AB66DCED769F6CE62338D5CF /* GameSettingsView.swift */,
			);
			path = GameSettings;
			sourceTree = "<group>";
		};
		C6088D895BE842CBC9DA84E2 /* Result */ = {
			isa = PBXGroup;
			children = (
				D8A85D01792F87215E545F74 /* ResultView.swift */,
			);
			path = Result;
			sourceTree = "<group>";
		};
		CF5569214FE6C20886950F29 /* PlayerAvatars */ = {
			isa = PBXGroup;
			children = (
				CE35B1F0ECA6613820158A4F /* player_0.png */,
				7F57D7649FC2034A996AD10D /* player_1.png */,
				BED795672AEE4610BC3321F0 /* player_2.png */,
				26312B459FF32914F67008C3 /* player_3.png */,
				E89055437F98F40B82E569C7 /* player_4.png */,
				ED50C2264F56CA10F8D6ED5F /* player_5.png */,
				2BCF7E76BA12D6882B6FDE2B /* player_6.png */,
				D9B5272A64719CDF0D1B8E27 /* player_7.png */,
				9073AD54BA35B5586634CF4B /* player_8.png */,
				B3994337DD61345DBD6B6D7C /* player_9.png */,
				C9A744A8483ED6E92E70BB16 /* player_10.png */,
				6FA8E1A829A6103A65B14DC5 /* player_11.png */,
				48B8B77146D91418228A0DF7 /* VV1.png */,
				F5C8C0EEE70E88C0BF375C93 /* VV2.png */,
				FF33D7458EA3632CACA6A6C6 /* VV3.png */,
				7328867D918502135E4EFDA7 /* VV4.png */,
				F60A3E748553F232E74F2174 /* VV5.png */,
				F2818EEA8F5CAF5BE8E9C19B /* VV6.png */,
				66A43168F6DB418FB057569D /* VV7.png */,
				EF6AF93F24F15EFFA65464F1 /* VV8.png */,
				86F4C6BF8A1BAAF480FCF54E /* VV9.png */,
				C3D475C25AF462FFC7462199 /* VV10.png */,
				9AB9453FC9ABF742425B10C0 /* VV11.png */,
				ED03355F72D77B2F3E49D1A1 /* VV12.png */,
			);
			path = PlayerAvatars;
			sourceTree = "<group>";
		};
		D86FEAB09CBD68154E2C6FE4 /* ImposterGame */ = {
			isa = PBXGroup;
			children = (
				8BE02C67520C3F41F354FFC4 /* GoogleService-Info.plist */,
				2859DB60DE187487DF8A97D1 /* App */,
				479D28AC4071D720484A452F /* Extensions */,
				111210B4E68091EC6C0E63CE /* Models */,
				10B6CF3701787BD0C1DC1469 /* Navigation */,
				622494B8AE6D874736411B20 /* Resources */,
				3E2D977C644A068266F3364A /* Services */,
				56F5B044C442DB5D15D19C40 /* Views */,
			);
			path = ImposterGame;
			sourceTree = "<group>";
		};
		DEAF5DF3E26A038DB1CE5C85 /* WordPacks */ = {
			isa = PBXGroup;
			children = (
				7C15543B77170C57A22A9D39 /* celebrities.json */,
				FBA5AE4EC12E5BCEE5BA6B34 /* family.json */,
				85C7811EF9EFD2F14047A94A /* food.json */,
				FE0D3784B68E83A8796B604D /* hobbies.json */,
				5A45FF697C805ABE39A790E9 /* movies.json */,
				8E7956E43973E4945E852F34 /* music.json */,
				5625DFA74B6BD1E707F2FB62 /* party_time.json */,
				038CD78E19C18AC9B1222AF7 /* places.json */,
				32B68064C5075CB4909F3E8C /* school.json */,
				2DBAEFB45EEAE7CD5D244F9E /* shopping.json */,
				5FC8A6DC10ADD0B1DCAA5B16 /* spicy.json */,
				C0B8E52B2767DF58833BD2E2 /* sports.json */,
				1663BC03E6D507D86CFF5227 /* superpowers.json */,
				51BEE2357CA596C887FCC5C6 /* tech.json */,
				A6D9874BB67E73D89AC0EDD2 /* travel.json */,
				F0B134E6E41FA1B6CF210BD9 /* work_life.json */,
			);
			path = WordPacks;
			sourceTree = "<group>";
		};
		DEB5B799C990B021BD840655 /* CategoryIcons */ = {
			isa = PBXGroup;
			children = (
				552657DA397ED635CC90E560 /* category_airplane.png */,
				4BD66F514EFCB5A50DAC0413 /* category_bag_fill.png */,
				59D6E6DDD49C2175CD72FDF4 /* category_bolt_fill.png */,
				7A4F33A7BF549965058F632E /* category_book_fill.png */,
				E87A881DF097B261F1747FA7 /* category_briefcase_fill.png */,
				0494CB01BA87AC9B95AB538B /* category_desktopcomputer.png */,
				CF8DDF4ED263B824675B7838 /* category_film_fill.png */,
				465400B09F1789F21938AB8C /* category_flame_fill.png */,
				13B5C558F99CCFDBA2EFE8E4 /* category_fork_knife.png */,
				BE439385A528B4689F8144C1 /* category_house_fill.png */,
				3A00F28C07BE24603E2E8DD8 /* category_map_fill.png */,
				3BFD2329ECB01023B95A324A /* category_music_note.png */,
				F92676F4326A652D8BB04B42 /* category_paintpalette_fill.png */,
				10513D64393ED72C491A7A16 /* category_party_popper.png */,
				F1CBC0EF96B0B7AECBE21200 /* category_sportscourt_fill.png */,
				12BF0BF73F70CB46376EA1B7 /* category_star_fill.png */,
			);
			path = CategoryIcons;
			sourceTree = "<group>";
		};
		F0ACF25E1619CD2B28041FEA /* Categories */ = {
			isa = PBXGroup;
			children = (
				7024D9671D1CF3A8C2BB08B9 /* CategoriesView.swift */,
			);
			path = Categories;
			sourceTree = "<group>";
		};
		F6016207C8CB195B1E359967 /* RoleReveal */ = {
			isa = PBXGroup;
			children = (
				0014E12B1193C34A72CFC8DA /* RoleRevealView.swift */,
			);
			path = RoleReveal;
			sourceTree = "<group>";
		};
/* End PBXGroup section */

/* Begin PBXNativeTarget section */
		B6913A3367D83BA331917518 /* ImposterGame */ = {
			isa = PBXNativeTarget;
			buildConfigurationList = BBC3AAC26A940F47A80DB1C2 /* Build configuration list for PBXNativeTarget "ImposterGame" */;
			buildPhases = (
				989347082AB233D0A24B91F3 /* Sources */,
				19A1FD2294326343A407CA3D /* Resources */,
				A3ADC9DD969E41C415A76E19 /* Frameworks */,
				F26A2B4929645EF85FE186F0 /* Firebase Crashlytics */,
			);
			buildRules = (
			);
			dependencies = (
			);
			name = ImposterGame;
			packageProductDependencies = (
				AA18741BEA45BBF37BAB5DD9 /* FirebaseAnalytics */,
				A07314160D6C5EA1AAB20FD6 /* FirebaseCrashlytics */,
				A2462B968BD5F03BCFEAF2FD /* FirebaseInstallations */,
			);
			productName = ImposterGame;
			productReference = 5A3D39D79EBFEE259F695500 /* ImposterGame.app */;
			productType = "com.apple.product-type.application";
		};
/* End PBXNativeTarget section */

/* Begin PBXProject section */
		42D23C0ECEAE4BEEDACA428A /* Project object */ = {
			isa = PBXProject;
			attributes = {
				BuildIndependentTargetsInParallel = YES;
				LastUpgradeCheck = 1500;
				TargetAttributes = {
				};
			};
			buildConfigurationList = 97E264728EAC9BC18F364366 /* Build configuration list for PBXProject "ImposterGame" */;
			developmentRegion = en;
			hasScannedForEncodings = 0;
			knownRegions = (
				Base,
				en,
			);
			mainGroup = 94B836DE68657910D7E25113;
			minimizedProjectReferenceProxies = 1;
			packageReferences = (
				2A4396BBF0F911E44E2769CC /* XCRemoteSwiftPackageReference "firebase-ios-sdk" */,
			);
			preferredProjectObjectVersion = 77;
			productRefGroup = 1C713422ED53F1EAFCABCC00 /* Products */;
			projectDirPath = "";
			projectRoot = "";
			targets = (
				B6913A3367D83BA331917518 /* ImposterGame */,
			);
		};
/* End PBXProject section */

/* Begin PBXResourcesBuildPhase section */
		19A1FD2294326343A407CA3D /* Resources */ = {
			isa = PBXResourcesBuildPhase;
			buildActionMask = 2147483647;
			files = (
				4B45873C322DAC732859D437 /* GoogleService-Info.plist in Resources */,
				E0688C618CD5CAF6DAAF5306 /* OnboardingHero.png in Resources */,
				13F102317054A657AEBD9988 /* VV1.png in Resources */,
				DFAAC150758445115D6B98BA /* VV10.png in Resources */,
				13EB0D366A79D3C02C020D07 /* VV11.png in Resources */,
				A297337640CA32E5BA892964 /* VV12.png in Resources */,
				F26A606DF8C36CECC252ACC5 /* VV2.png in Resources */,
				A69F1363EAB18DD5184A9F7E /* VV3.png in Resources */,
				4AB082A29A0AA54C222BB64C /* VV4.png in Resources */,
				2C9A235BC5CC42FCA8DB91D7 /* VV5.png in Resources */,
				4573522B25C8D5F6604E9867 /* VV6.png in Resources */,
				693B1808D4340581CEBF3774 /* VV7.png in Resources */,
				AEFE7D4DC77D97FBD55B9E56 /* VV8.png in Resources */,
				D9DA2CA656AFC030640DAE41 /* VV9.png in Resources */,
				BBB9D5FCDADC50F5DF743A8A /* category_airplane.png in Resources */,
				9CBB7F75EDD513A07A07F03A /* category_bag_fill.png in Resources */,
				38471FC49617009646E32980 /* category_bolt_fill.png in Resources */,
				665AD4645A57733FA7B2FEFF /* category_book_fill.png in Resources */,
				86C38EF17DF8A5EC795352CD /* category_briefcase_fill.png in Resources */,
				CCE0AC97429EC563552E771A /* category_desktopcomputer.png in Resources */,
				4E2A4D29676E08D801E8C5D7 /* category_film_fill.png in Resources */,
				2314992580E7386FA8C6203D /* category_flame_fill.png in Resources */,
				351FBBBC08B6A20228879799 /* category_fork_knife.png in Resources */,
				6E3F31D3B4CF2C27307F4FC0 /* category_house_fill.png in Resources */,
				1726A0556A03ABEB076EED82 /* category_map_fill.png in Resources */,
				2626AD2F0432D2C93E2977B7 /* category_music_note.png in Resources */,
				7E04E4CEC530651C9DA56C6D /* category_paintpalette_fill.png in Resources */,
				6AB968DB2BE0667EE7D49DEE /* category_party_popper.png in Resources */,
				CE5A07D3A2B72274EAB8A922 /* category_sportscourt_fill.png in Resources */,
				45A43D1562DEECCB83D7F219 /* category_star_fill.png in Resources */,
				BBAD266EFEE39D9046030056 /* celebrities.json in Resources */,
				1C736260CE1B62B93624F0C5 /* family.json in Resources */,
				02783BF3E33C4CFBBE974DC0 /* food.json in Resources */,
				DCAFDB045B541CAF858DEF50 /* hobbies.json in Resources */,
				D1157ABEE5FCE361F51921F6 /* movies.json in Resources */,
				24B5595CDB8F71D7177CA84C /* music.json in Resources */,
				7B0C50426FBA67D4653DAB72 /* party_time.json in Resources */,
				B43D2D20049CC899C61A61D9 /* places.json in Resources */,
				B43D35B8A7D27EB487E3CF30 /* player_0.png in Resources */,
				240DAE1A3A70BDC99736862E /* player_1.png in Resources */,
				604248ED03BAFF39FD3C95FC /* player_10.png in Resources */,
				E89B457C4BBDD0C8F45C9F5C /* player_11.png in Resources */,
				9B0D6747F1029BF4D8B6A438 /* player_2.png in Resources */,
				BA4670740269F51880F3C0F4 /* player_3.png in Resources */,
				4A64072DEEC5A71550C496AD /* player_4.png in Resources */,
				7ACAD56E8F7E517F63BB8DFD /* player_5.png in Resources */,
				A5BAA2BA8431C97984DF78DA /* player_6.png in Resources */,
				6901BAE5B9FB092E0E5DA36A /* player_7.png in Resources */,
				5745E85CEBE0452016F88D1A /* player_8.png in Resources */,
				CAF979ABFEDEDEE4BD79799C /* player_9.png in Resources */,
				5E88B14A899F80D78DE1558B /* school.json in Resources */,
				AAA12E4505E3EC290E5770DF /* shopping.json in Resources */,
				5C71D30F90562BC0B2B40D80 /* spicy.json in Resources */,
				26C7CFC6FE233006E2F173F5 /* sports.json in Resources */,
				FF3FAE15D939F6C7197EF798 /* superpowers.json in Resources */,
				A7E1E27765119707E2033D19 /* tech.json in Resources */,
				6688279E07BB7B937B5AB2AD /* travel.json in Resources */,
				6D64142C3DE79B9C337D6A7A /* work_life.json in Resources */,
			);
			runOnlyForDeploymentPostprocessing = 0;
		};
/* End PBXResourcesBuildPhase section */

/* Begin PBXShellScriptBuildPhase section */
		F26A2B4929645EF85FE186F0 /* Firebase Crashlytics */ = {
			isa = PBXShellScriptBuildPhase;
			alwaysOutOfDate = 1;
			buildActionMask = 2147483647;
			files = (
			);
			inputFileListPaths = (
			);
			inputPaths = (
				"${DWARF_DSYM_FOLDER_PATH}/${DWARF_DSYM_FILE_NAME}/Contents/Resources/DWARF/${TARGET_NAME}",
				"$(BUILT_PRODUCTS_DIR)/$(INFOPLIST_PATH)",
			);
			name = "Firebase Crashlytics";
			outputFileListPaths = (
			);
			outputPaths = (
			);
			runOnlyForDeploymentPostprocessing = 0;
			shellPath = /bin/sh;
			shellScript = "\"${BUILD_DIR%/Build/*}/SourcePackages/checkouts/firebase-ios-sdk/Crashlytics/run\"\n";
		};
/* End PBXShellScriptBuildPhase section */

/* Begin PBXSourcesBuildPhase section */
		989347082AB233D0A24B91F3 /* Sources */ = {
			isa = PBXSourcesBuildPhase;
			buildActionMask = 2147483647;
			files = (
				93D558B5712E107B8A798489 /* AnalyticsService.swift in Sources */,
				56D2AA90912B97D89F371971 /* AppRouter.swift in Sources */,
				B8DA7F4590E6E7E31C75EDFC /* CategoriesView.swift in Sources */,
				AA15A141C41971E4D6E7EF70 /* Category.swift in Sources */,
				23B5B5E6AECC686FCF506E42 /* CategoryLoader.swift in Sources */,
				9404F92E7776D1663BD6F608 /* CategoryPaywallView.swift in Sources */,
				49BBC3FB9C2FE74F3CE77DEA /* DesignSystem.swift in Sources */,
				1E686607DFEAE0DC0C1EF8AC /* GameEngine.swift in Sources */,
				E78372EEC1931B91E618EDC7 /* GameSession.swift in Sources */,
				97971494481F8B745B8EF99F /* GameSettings.swift in Sources */,
				B6B8B90417B7852993ED99F1 /* GameSettingsView.swift in Sources */,
				0C2F27840489DB3AF49E5759 /* GameTimerView.swift in Sources */,
				F04E1A30174677770894670B /* HapticsManager.swift in Sources */,
				129EBA8D101052FABE14E1B2 /* ImposterGameApp.swift in Sources */,
				46E0108931F0555A7A17C613 /* LoaderView.swift in Sources */,
				0B85C8105B10AB8074B2EC96 /* OnboardingView.swift in Sources */,
				9E6C49E880BEF67AEF6D2A06 /* PaywallView.swift in Sources */,
				55BE5F5AC83E295982878890 /* Player.swift in Sources */,
				24AB6D1CF11A6B2DA84440AB /* PlayerSetupView.swift in Sources */,
				CF9E7A8BDF5FE91D7734042C /* ResultView.swift in Sources */,
				5BF897FD703C7DDC14F783D2 /* RoleRevealView.swift in Sources */,
				F6C9306608A448B5BF1E69C8 /* SubscriptionManager.swift in Sources */,
				C29E200FE2E3452CB3D81667 /* VotingView.swift in Sources */,
			);
			runOnlyForDeploymentPostprocessing = 0;
		};
/* End PBXSourcesBuildPhase section */

/* Begin XCBuildConfiguration section */
		03AD51B5C6CE97EFF0E127E4 /* Release */ = {
			isa = XCBuildConfiguration;
			buildSettings = {
				ALWAYS_SEARCH_USER_PATHS = NO;
				CLANG_ANALYZER_NONNULL = YES;
				CLANG_ANALYZER_NUMBER_OBJECT_CONVERSION = YES_AGGRESSIVE;
				CLANG_CXX_LANGUAGE_STANDARD = "gnu++14";
				CLANG_CXX_LIBRARY = "libc++";
				CLANG_ENABLE_MODULES = YES;
				CLANG_ENABLE_OBJC_ARC = YES;
				CLANG_ENABLE_OBJC_WEAK = YES;
				CLANG_WARN_BLOCK_CAPTURE_AUTORELEASING = YES;
				CLANG_WARN_BOOL_CONVERSION = YES;
				CLANG_WARN_COMMA = YES;
				CLANG_WARN_CONSTANT_CONVERSION = YES;
				CLANG_WARN_DEPRECATED_OBJC_IMPLEMENTATIONS = YES;
				CLANG_WARN_DIRECT_OBJC_ISA_USAGE = YES_ERROR;
				CLANG_WARN_DOCUMENTATION_COMMENTS = YES;
				CLANG_WARN_EMPTY_BODY = YES;
				CLANG_WARN_ENUM_CONVERSION = YES;
				CLANG_WARN_INFINITE_RECURSION = YES;
				CLANG_WARN_INT_CONVERSION = YES;
				CLANG_WARN_NON_LITERAL_NULL_CONVERSION = YES;
				CLANG_WARN_OBJC_IMPLICIT_RETAIN_SELF = YES;
				CLANG_WARN_OBJC_LITERAL_CONVERSION = YES;
				CLANG_WARN_OBJC_ROOT_CLASS = YES_ERROR;
				CLANG_WARN_QUOTED_INCLUDE_IN_FRAMEWORK_HEADER = YES;
				CLANG_WARN_RANGE_LOOP_ANALYSIS = YES;
				CLANG_WARN_STRICT_PROTOTYPES = YES;
				CLANG_WARN_SUSPICIOUS_MOVE = YES;
				CLANG_WARN_UNGUARDED_AVAILABILITY = YES_AGGRESSIVE;
				CLANG_WARN_UNREACHABLE_CODE = YES;
				CLANG_WARN__DUPLICATE_METHOD_MATCH = YES;
				COPY_PHASE_STRIP = NO;
				CURRENT_PROJECT_VERSION = 1;
				DEBUG_INFORMATION_FORMAT = "dwarf-with-dsym";
				ENABLE_NS_ASSERTIONS = NO;
				ENABLE_STRICT_OBJC_MSGSEND = YES;
				GCC_C_LANGUAGE_STANDARD = gnu11;
				GCC_NO_COMMON_BLOCKS = YES;
				GCC_WARN_64_TO_32_BIT_CONVERSION = YES;
				GCC_WARN_ABOUT_RETURN_TYPE = YES_ERROR;
				GCC_WARN_UNDECLARED_SELECTOR = YES;
				GCC_WARN_UNINITIALIZED_AUTOS = YES_AGGRESSIVE;
				GCC_WARN_UNUSED_FUNCTION = YES;
				GCC_WARN_UNUSED_VARIABLE = YES;
				GENERATE_INFOPLIST_FILE = YES;
				INFOPLIST_KEY_UIApplicationSceneManifest_Generation = YES;
				INFOPLIST_KEY_UIApplicationSupportsIndirectInputEvents = YES;
				INFOPLIST_KEY_UILaunchScreen_Generation = YES;
				INFOPLIST_KEY_UISupportedInterfaceOrientations = UIInterfaceOrientationPortrait;
				INFOPLIST_KEY_UISupportedInterfaceOrientations_iPad = "UIInterfaceOrientationPortrait UIInterfaceOrientationPortraitUpsideDown";
				IPHONEOS_DEPLOYMENT_TARGET = 16.0;
				MARKETING_VERSION = 1.0.0;
				MTL_ENABLE_DEBUG_INFO = NO;
				MTL_FAST_MATH = YES;
				PRODUCT_NAME = "$(TARGET_NAME)";
				SDKROOT = iphoneos;
				SWIFT_COMPILATION_MODE = wholemodule;
				SWIFT_OPTIMIZATION_LEVEL = "-O";
				SWIFT_VERSION = 5.9;
			};
			name = Release;
		};
		061A1322275DC42C69AFBCE4 /* Debug */ = {
			isa = XCBuildConfiguration;
			buildSettings = {
				ALWAYS_SEARCH_USER_PATHS = NO;
				CLANG_ANALYZER_NONNULL = YES;
				CLANG_ANALYZER_NUMBER_OBJECT_CONVERSION = YES_AGGRESSIVE;
				CLANG_CXX_LANGUAGE_STANDARD = "gnu++14";
				CLANG_CXX_LIBRARY = "libc++";
				CLANG_ENABLE_MODULES = YES;
				CLANG_ENABLE_OBJC_ARC = YES;
				CLANG_ENABLE_OBJC_WEAK = YES;
				CLANG_WARN_BLOCK_CAPTURE_AUTORELEASING = YES;
				CLANG_WARN_BOOL_CONVERSION = YES;
				CLANG_WARN_COMMA = YES;
				CLANG_WARN_CONSTANT_CONVERSION = YES;
				CLANG_WARN_DEPRECATED_OBJC_IMPLEMENTATIONS = YES;
				CLANG_WARN_DIRECT_OBJC_ISA_USAGE = YES_ERROR;
				CLANG_WARN_DOCUMENTATION_COMMENTS = YES;
				CLANG_WARN_EMPTY_BODY = YES;
				CLANG_WARN_ENUM_CONVERSION = YES;
				CLANG_WARN_INFINITE_RECURSION = YES;
				CLANG_WARN_INT_CONVERSION = YES;
				CLANG_WARN_NON_LITERAL_NULL_CONVERSION = YES;
				CLANG_WARN_OBJC_IMPLICIT_RETAIN_SELF = YES;
				CLANG_WARN_OBJC_LITERAL_CONVERSION = YES;
				CLANG_WARN_OBJC_ROOT_CLASS = YES_ERROR;
				CLANG_WARN_QUOTED_INCLUDE_IN_FRAMEWORK_HEADER = YES;
				CLANG_WARN_RANGE_LOOP_ANALYSIS = YES;
				CLANG_WARN_STRICT_PROTOTYPES = YES;
				CLANG_WARN_SUSPICIOUS_MOVE = YES;
				CLANG_WARN_UNGUARDED_AVAILABILITY = YES_AGGRESSIVE;
				CLANG_WARN_UNREACHABLE_CODE = YES;
				CLANG_WARN__DUPLICATE_METHOD_MATCH = YES;
				COPY_PHASE_STRIP = NO;
				CURRENT_PROJECT_VERSION = 1;
				DEBUG_INFORMATION_FORMAT = dwarf;
				ENABLE_STRICT_OBJC_MSGSEND = YES;
				ENABLE_TESTABILITY = YES;
				GCC_C_LANGUAGE_STANDARD = gnu11;
				GCC_DYNAMIC_NO_PIC = NO;
				GCC_NO_COMMON_BLOCKS = YES;
				GCC_OPTIMIZATION_LEVEL = 0;
				GCC_PREPROCESSOR_DEFINITIONS = (
					"$(inherited)",
					"DEBUG=1",
				);
				GCC_WARN_64_TO_32_BIT_CONVERSION = YES;
				GCC_WARN_ABOUT_RETURN_TYPE = YES_ERROR;
				GCC_WARN_UNDECLARED_SELECTOR = YES;
				GCC_WARN_UNINITIALIZED_AUTOS = YES_AGGRESSIVE;
				GCC_WARN_UNUSED_FUNCTION = YES;
				GCC_WARN_UNUSED_VARIABLE = YES;
				GENERATE_INFOPLIST_FILE = YES;
				INFOPLIST_KEY_UIApplicationSceneManifest_Generation = YES;
				INFOPLIST_KEY_UIApplicationSupportsIndirectInputEvents = YES;
				INFOPLIST_KEY_UILaunchScreen_Generation = YES;
				INFOPLIST_KEY_UISupportedInterfaceOrientations = UIInterfaceOrientationPortrait;
				INFOPLIST_KEY_UISupportedInterfaceOrientations_iPad = "UIInterfaceOrientationPortrait UIInterfaceOrientationPortraitUpsideDown";
				IPHONEOS_DEPLOYMENT_TARGET = 16.0;
				MARKETING_VERSION = 1.0.0;
				MTL_ENABLE_DEBUG_INFO = INCLUDE_SOURCE;
				MTL_FAST_MATH = YES;
				ONLY_ACTIVE_ARCH = YES;
				PRODUCT_NAME = "$(TARGET_NAME)";
				SDKROOT = iphoneos;
				SWIFT_ACTIVE_COMPILATION_CONDITIONS = DEBUG;
				SWIFT_OPTIMIZATION_LEVEL = "-Onone";
				SWIFT_VERSION = 5.9;
			};
			name = Debug;
		};
		1DB3EA977DCA23342B6A6829 /* Release */ = {
			isa = XCBuildConfiguration;
			buildSettings = {
				ASSETCATALOG_COMPILER_APPICON_NAME = AppIcon;
				ASSETCATALOG_COMPILER_GLOBAL_ACCENT_COLOR_NAME = AccentColor;
				CODE_SIGN_IDENTITY = "iPhone Developer";
				DEBUG_INFORMATION_FORMAT = "dwarf-with-dsym";
				INFOPLIST_KEY_CFBundleDisplayName = Imposter;
				LD_RUNPATH_SEARCH_PATHS = (
					"$(inherited)",
					"@executable_path/Frameworks",
				);
				PRODUCT_BUNDLE_IDENTIFIER = com.imposter.findthespy;
				SDKROOT = iphoneos;
				TARGETED_DEVICE_FAMILY = "1,2";
			};
			name = Release;
		};
		313A035FC4D791BACDBB3FF3 /* Debug */ = {
			isa = XCBuildConfiguration;
			buildSettings = {
				ASSETCATALOG_COMPILER_APPICON_NAME = AppIcon;
				ASSETCATALOG_COMPILER_GLOBAL_ACCENT_COLOR_NAME = AccentColor;
				CODE_SIGN_IDENTITY = "iPhone Developer";
				INFOPLIST_KEY_CFBundleDisplayName = Imposter;
				LD_RUNPATH_SEARCH_PATHS = (
					"$(inherited)",
					"@executable_path/Frameworks",
				);
				PRODUCT_BUNDLE_IDENTIFIER = com.imposter.findthespy;
				SDKROOT = iphoneos;
				TARGETED_DEVICE_FAMILY = "1,2";
			};
			name = Debug;
		};
/* End XCBuildConfiguration section */

/* Begin XCConfigurationList section */
		97E264728EAC9BC18F364366 /* Build configuration list for PBXProject "ImposterGame" */ = {
			isa = XCConfigurationList;
			buildConfigurations = (
				061A1322275DC42C69AFBCE4 /* Debug */,
				03AD51B5C6CE97EFF0E127E4 /* Release */,
			);
			defaultConfigurationIsVisible = 0;
			defaultConfigurationName = Debug;
		};
		BBC3AAC26A940F47A80DB1C2 /* Build configuration list for PBXNativeTarget "ImposterGame" */ = {
			isa = XCConfigurationList;
			buildConfigurations = (
				313A035FC4D791BACDBB3FF3 /* Debug */,
				1DB3EA977DCA23342B6A6829 /* Release */,
			);
			defaultConfigurationIsVisible = 0;
			defaultConfigurationName = Debug;
		};
/* End XCConfigurationList section */

/* Begin XCRemoteSwiftPackageReference section */
		2A4396BBF0F911E44E2769CC /* XCRemoteSwiftPackageReference "firebase-ios-sdk" */ = {
			isa = XCRemoteSwiftPackageReference;
			repositoryURL = "https://github.com/firebase/firebase-ios-sdk";
			requirement = {
				kind = upToNextMajorVersion;
				minimumVersion = 11.0.0;
			};
		};
/* End XCRemoteSwiftPackageReference section */

/* Begin XCSwiftPackageProductDependency section */
		A07314160D6C5EA1AAB20FD6 /* FirebaseCrashlytics */ = {
			isa = XCSwiftPackageProductDependency;
			package = 2A4396BBF0F911E44E2769CC /* XCRemoteSwiftPackageReference "firebase-ios-sdk" */;
			productName = FirebaseCrashlytics;
		};
		A2462B968BD5F03BCFEAF2FD /* FirebaseInstallations */ = {
			isa = XCSwiftPackageProductDependency;
			package = 2A4396BBF0F911E44E2769CC /* XCRemoteSwiftPackageReference "firebase-ios-sdk" */;
			productName = FirebaseInstallations;
		};
		AA18741BEA45BBF37BAB5DD9 /* FirebaseAnalytics */ = {
			isa = XCSwiftPackageProductDependency;
			package = 2A4396BBF0F911E44E2769CC /* XCRemoteSwiftPackageReference "firebase-ios-sdk" */;
			productName = FirebaseAnalytics;
		};
/* End XCSwiftPackageProductDependency section */
	};
	rootObject = 42D23C0ECEAE4BEEDACA428A /* Project object */;
}
